
Microsoft Visual Studio Solution File, Format Version 12.00
# Visual Studio Version 16
VisualStudioVersion = 16.0.30225.117
MinimumVisualStudioVersion = 10.0.40219.1
Project("{FAE04EC0-301F-11D3-BF4B-00C04F79EFBC}") = "Asp.NetCore.BookStore", "Asp.NetCore.BookStore\Asp.NetCore.BookStore.csproj", "{5A7D968B-A53D-4A69-97F7-0F3AE75EE9EB}"
EndProject
Global
	GlobalSection(SolutionConfigurationPlatforms) = preSolution
		Debug|Any CPU = Debug|Any CPU
		Release|Any CPU = Release|Any CPU
	EndGlobalSection
	GlobalSection(ProjectConfigurationPlatforms) = postSolution
		{5A7D968B-A53D-4A69-97F7-0F3AE75EE9EB}.Debug|Any CPU.ActiveCfg = Debug|Any CPU
		{5A7D968B-A53D-4A69-97F7-0F3AE75EE9EB}.Debug|Any CPU.Build.0 = Debug|Any CPU
		{5A7D968B-A53D-4A69-97F7-0F3AE75EE9EB}.Release|Any CPU.ActiveCfg = Release|Any CPU
		{5A7D968B-A53D-4A69-97F7-0F3AE75EE9EB}.Release|Any CPU.Build.0 = Release|Any CPU
	EndGlobalSection
	GlobalSection(SolutionProperties) = preSolution
		HideSolutionNode = FALSE
	EndGlobalSection
	GlobalSection(ExtensibilityGlobals) = postSolution
		SolutionGuid = {F3983367-F010-4EDD-A78A-BE2206440E5A}
	EndGlobalSection
EndGlobal
